# THIS IS AN AUTOGENERATED FILE. DO NOT EDIT THIS FILE DIRECTLY.
# yarn lockfile v1


"@root/request@^1.7.0":
  "integrity" "sha512-Ib6jLQj4P4Dnx3LMqdV+TaSDlc7tWz25wKorklQ1rMHzHfc7LKELIuWl3XDQybimOPvIvlDuVX6/Mb10dEdQYg=="
  "resolved" "https://registry.npmjs.org/@root/request/-/request-1.8.1.tgz"
  "version" "1.8.1"

"@xivapi/js@^0.4.1":
  "integrity" "sha512-m9VDuytGMMTCN5L+lg+CNRnrqUq9GZky1WjEmAK4LXj5DFWDAt+1vCdNESFWRw5pqPdyMlJPywSvMu8e8n6+Aw=="
  "resolved" "https://registry.npmjs.org/@xivapi/js/-/js-0.4.1.tgz"
  "version" "0.4.1"
  dependencies:
    "@root/request" "^1.7.0"
